
Microsoft Visual Studio Solution File, Format Version 11.00
# Visual Studio 2010
Project("{FAE04EC0-301F-11D3-BF4B-00C04F79EFBC}") = "Assembly-CSharp", "Assembly-CSharp.csproj", "{35bb1e46-4f8a-8b24-7bdc-fcc557d4ad7c}"
EndProject
Project("{FAE04EC0-301F-11D3-BF4B-00C04F79EFBC}") = "Assembly-CSharp-Editor", "Assembly-CSharp-Editor.csproj", "{66983ba9-775c-0539-aa1d-bdd3079743fe}"
EndProject
Global
	GlobalSection(SolutionConfigurationPlatforms) = preSolution
		Debug|Any CPU = Debug|Any CPU
	EndGlobalSection
	GlobalSection(ProjectConfigurationPlatforms) = postSolution
		{35bb1e46-4f8a-8b24-7bdc-fcc557d4ad7c}.Debug|Any CPU.ActiveCfg = Debug|Any CPU
		{35bb1e46-4f8a-8b24-7bdc-fcc557d4ad7c}.Debug|Any CPU.Build.0 = Debug|Any CPU
		{66983ba9-775c-0539-aa1d-bdd3079743fe}.Debug|Any CPU.ActiveCfg = Debug|Any CPU
		{66983ba9-775c-0539-aa1d-bdd3079743fe}.Debug|Any CPU.Build.0 = Debug|Any CPU
	EndGlobalSection
	GlobalSection(SolutionProperties) = preSolution
		HideSolutionNode = FALSE
	EndGlobalSection
EndGlobal
