
Microsoft Visual Studio Solution File, Format Version 12.00
# Visual Studio 15
Project("{FAE04EC0-301F-11D3-BF4B-00C04F79EFBC}") = "Assembly-CSharp", "Assembly-CSharp.csproj", "{829F2E57-7FAE-C9F4-2088-437424F0B4DE}"
EndProject
Project("{FAE04EC0-301F-11D3-BF4B-00C04F79EFBC}") = "Assembly-CSharp-Editor", "Assembly-CSharp-Editor.csproj", "{88DB11B9-13A1-B436-D583-5E94948F0DC8}"
EndProject
Global
	GlobalSection(SolutionConfigurationPlatforms) = preSolution
		Debug|Any CPU = Debug|Any CPU
		Release|Any CPU = Release|Any CPU
	EndGlobalSection
	GlobalSection(ProjectConfigurationPlatforms) = postSolution
		{829F2E57-7FAE-C9F4-2088-437424F0B4DE}.Debug|Any CPU.ActiveCfg = Debug|Any CPU
		{829F2E57-7FAE-C9F4-2088-437424F0B4DE}.Debug|Any CPU.Build.0 = Debug|Any CPU
		{829F2E57-7FAE-C9F4-2088-437424F0B4DE}.Release|Any CPU.ActiveCfg = Release|Any CPU
		{829F2E57-7FAE-C9F4-2088-437424F0B4DE}.Release|Any CPU.Build.0 = Release|Any CPU
		{88DB11B9-13A1-B436-D583-5E94948F0DC8}.Debug|Any CPU.ActiveCfg = Debug|Any CPU
		{88DB11B9-13A1-B436-D583-5E94948F0DC8}.Debug|Any CPU.Build.0 = Debug|Any CPU
		{88DB11B9-13A1-B436-D583-5E94948F0DC8}.Release|Any CPU.ActiveCfg = Release|Any CPU
		{88DB11B9-13A1-B436-D583-5E94948F0DC8}.Release|Any CPU.Build.0 = Release|Any CPU
	EndGlobalSection
	GlobalSection(SolutionProperties) = preSolution
		HideSolutionNode = FALSE
	EndGlobalSection
EndGlobal
